// !$*UTF8*$!
{
	archiveVersion = 1;
	classes = {
	};
	objectVersion = 55;
	objects = {

/* Begin PBXBuildFile section */
		D0092C742836C828009F558C /* AccountProfilePictureManager.swift in Sources */ = {isa = PBXBuildFile; fileRef = D0092C732836C828009F558C /* AccountProfilePictureManager.swift */; };
		D0092C762836F280009F558C /* AccountProfilePictureTests.swift in Sources */ = {isa = PBXBuildFile; fileRef = D0092C752836F280009F558C /* AccountProfilePictureTests.swift */; };
		D0092C7828371BF8009F558C /* AccountViewModel.swift in Sources */ = {isa = PBXBuildFile; fileRef = D0092C7728371BF8009F558C /* AccountViewModel.swift */; };
		D0092C7C28371C9D009F558C /* AccountView.swift in Sources */ = {isa = PBXBuildFile; fileRef = D0092C7B28371C9D009F558C /* AccountView.swift */; };
		D0092C7F28371CEA009F558C /* AccountModel.swift in Sources */ = {isa = PBXBuildFile; fileRef = D0092C7E28371CEA009F558C /* AccountModel.swift */; };
		D01770CF285A81AF00D48D21 /* LoginManagerView.swift in Sources */ = {isa = PBXBuildFile; fileRef = D01770CE285A81AF00D48D21 /* LoginManagerView.swift */; };
		D01770D2285A826100D48D21 /* LoginViewModel.swift in Sources */ = {isa = PBXBuildFile; fileRef = D01770D1285A826100D48D21 /* LoginViewModel.swift */; };
		D033D176285FFA4F00D98F6D /* GoogleService-Info.plist in Resources */ = {isa = PBXBuildFile; fileRef = D033D175285FFA4F00D98F6D /* GoogleService-Info.plist */; };
		D0651DB5283D4FDF005D662A /* GameDBOperationsTests.swift in Sources */ = {isa = PBXBuildFile; fileRef = D0651DB4283D4FDF005D662A /* GameDBOperationsTests.swift */; };
		D078290E2860F2E200566E10 /* RegisterForm.swift in Sources */ = {isa = PBXBuildFile; fileRef = D078290D2860F2E200566E10 /* RegisterForm.swift */; };
		D07829112860F6D100566E10 /* LoadingViews.swift in Sources */ = {isa = PBXBuildFile; fileRef = D07829102860F6D100566E10 /* LoadingViews.swift */; };
		D07829132861032900566E10 /* ResetPasswordForm.swift in Sources */ = {isa = PBXBuildFile; fileRef = D07829122861032900566E10 /* ResetPasswordForm.swift */; };
		D0803B6128623CE100445A9D /* MenuManagerView.swift in Sources */ = {isa = PBXBuildFile; fileRef = D0803B6028623CE100445A9D /* MenuManagerView.swift */; };
		D0803B6328623D1700445A9D /* MenuViewModel.swift in Sources */ = {isa = PBXBuildFile; fileRef = D0803B6228623D1700445A9D /* MenuViewModel.swift */; };
		D0803B6528623D2600445A9D /* MenuModel.swift in Sources */ = {isa = PBXBuildFile; fileRef = D0803B6428623D2600445A9D /* MenuModel.swift */; };
		D09CE733283BFFF900A7770B /* GameOperations.swift in Sources */ = {isa = PBXBuildFile; fileRef = D09CE732283BFFF900A7770B /* GameOperations.swift */; };
		D09CE735283C001100A7770B /* GameErrors.swift in Sources */ = {isa = PBXBuildFile; fileRef = D09CE734283C001100A7770B /* GameErrors.swift */; };
		D09CE738283C13BA00A7770B /* GameInfo.swift in Sources */ = {isa = PBXBuildFile; fileRef = D09CE737283C13BA00A7770B /* GameInfo.swift */; };
		D0AD51FD28638D9B0042EB66 /* MenuBottomNav.swift in Sources */ = {isa = PBXBuildFile; fileRef = D0AD51FC28638D9B0042EB66 /* MenuBottomNav.swift */; };
		D0DA92172835823000F60437 /* SCRA_FApp.swift in Sources */ = {isa = PBXBuildFile; fileRef = D0DA92162835823000F60437 /* SCRA_FApp.swift */; };
		D0DA92192835823000F60437 /* ContentView.swift in Sources */ = {isa = PBXBuildFile; fileRef = D0DA92182835823000F60437 /* ContentView.swift */; };
		D0DA921B2835823200F60437 /* Assets.xcassets in Resources */ = {isa = PBXBuildFile; fileRef = D0DA921A2835823200F60437 /* Assets.xcassets */; };
		D0DA921E2835823200F60437 /* Preview Assets.xcassets in Resources */ = {isa = PBXBuildFile; fileRef = D0DA921D2835823200F60437 /* Preview Assets.xcassets */; };
		D0DA92282835823200F60437 /* SCRA_FTests.swift in Sources */ = {isa = PBXBuildFile; fileRef = D0DA92272835823200F60437 /* SCRA_FTests.swift */; };
		D0DA92322835823200F60437 /* SCRA_FUITests.swift in Sources */ = {isa = PBXBuildFile; fileRef = D0DA92312835823200F60437 /* SCRA_FUITests.swift */; };
		D0DA92342835823200F60437 /* SCRA_FUITestsLaunchTests.swift in Sources */ = {isa = PBXBuildFile; fileRef = D0DA92332835823200F60437 /* SCRA_FUITestsLaunchTests.swift */; };
		D0E89C6C28511E120099D620 /* GameModel.swift in Sources */ = {isa = PBXBuildFile; fileRef = D0E89C6B28511E120099D620 /* GameModel.swift */; };
		D0EE85B92835B907000824DF /* FirebaseAuth in Frameworks */ = {isa = PBXBuildFile; productRef = D0EE85B82835B907000824DF /* FirebaseAuth */; };
		D0EE85BB2835B907000824DF /* FirebaseFirestore in Frameworks */ = {isa = PBXBuildFile; productRef = D0EE85BA2835B907000824DF /* FirebaseFirestore */; };
		D0EE85BD2835B907000824DF /* FirebaseFirestoreSwift in Frameworks */ = {isa = PBXBuildFile; productRef = D0EE85BC2835B907000824DF /* FirebaseFirestoreSwift */; };
		D0EE85BF2835B907000824DF /* FirebaseStorage in Frameworks */ = {isa = PBXBuildFile; productRef = D0EE85BE2835B907000824DF /* FirebaseStorage */; };
		D0EE85C22835BB67000824DF /* AccountDatabaseOperations.swift in Sources */ = {isa = PBXBuildFile; fileRef = D0EE85C12835BB67000824DF /* AccountDatabaseOperations.swift */; };
		D0EE85C42835BBA7000824DF /* AccountErrors.swift in Sources */ = {isa = PBXBuildFile; fileRef = D0EE85C32835BBA7000824DF /* AccountErrors.swift */; };
		D0EE85C72835BBE1000824DF /* AccountDBOperationsTests.swift in Sources */ = {isa = PBXBuildFile; fileRef = D0EE85C62835BBE1000824DF /* AccountDBOperationsTests.swift */; };
/* End PBXBuildFile section */

/* Begin PBXContainerItemProxy section */
		D0DA92242835823200F60437 /* PBXContainerItemProxy */ = {
			isa = PBXContainerItemProxy;
			containerPortal = D0DA920B2835823000F60437 /* Project object */;
			proxyType = 1;
			remoteGlobalIDString = D0DA92122835823000F60437;
			remoteInfo = "SCRA-F";
		};
		D0DA922E2835823200F60437 /* PBXContainerItemProxy */ = {
			isa = PBXContainerItemProxy;
			containerPortal = D0DA920B2835823000F60437 /* Project object */;
			proxyType = 1;
			remoteGlobalIDString = D0DA92122835823000F60437;
			remoteInfo = "SCRA-F";
		};
/* End PBXContainerItemProxy section */

/* Begin PBXFileReference section */
		D0092C732836C828009F558C /* AccountProfilePictureManager.swift */ = {isa = PBXFileReference; lastKnownFileType = sourcecode.swift; path = AccountProfilePictureManager.swift; sourceTree = "<group>"; };
		D0092C752836F280009F558C /* AccountProfilePictureTests.swift */ = {isa = PBXFileReference; lastKnownFileType = sourcecode.swift; path = AccountProfilePictureTests.swift; sourceTree = "<group>"; };
		D0092C7728371BF8009F558C /* AccountViewModel.swift */ = {isa = PBXFileReference; lastKnownFileType = sourcecode.swift; path = AccountViewModel.swift; sourceTree = "<group>"; };
		D0092C7B28371C9D009F558C /* AccountView.swift */ = {isa = PBXFileReference; lastKnownFileType = sourcecode.swift; path = AccountView.swift; sourceTree = "<group>"; };
		D0092C7E28371CEA009F558C /* AccountModel.swift */ = {isa = PBXFileReference; lastKnownFileType = sourcecode.swift; path = AccountModel.swift; sourceTree = "<group>"; };
		D01770CE285A81AF00D48D21 /* LoginManagerView.swift */ = {isa = PBXFileReference; lastKnownFileType = sourcecode.swift; path = LoginManagerView.swift; sourceTree = "<group>"; };
		D01770D1285A826100D48D21 /* LoginViewModel.swift */ = {isa = PBXFileReference; lastKnownFileType = sourcecode.swift; path = LoginViewModel.swift; sourceTree = "<group>"; };
		D033D175285FFA4F00D98F6D /* GoogleService-Info.plist */ = {isa = PBXFileReference; fileEncoding = 4; lastKnownFileType = text.plist.xml; name = "GoogleService-Info.plist"; path = "../../../Desktop/GoogleService-Info.plist"; sourceTree = "<group>"; };
		D0651DB4283D4FDF005D662A /* GameDBOperationsTests.swift */ = {isa = PBXFileReference; lastKnownFileType = sourcecode.swift; path = GameDBOperationsTests.swift; sourceTree = "<group>"; };
		D078290D2860F2E200566E10 /* RegisterForm.swift */ = {isa = PBXFileReference; lastKnownFileType = sourcecode.swift; path = RegisterForm.swift; sourceTree = "<group>"; };
		D07829102860F6D100566E10 /* LoadingViews.swift */ = {isa = PBXFileReference; lastKnownFileType = sourcecode.swift; path = LoadingViews.swift; sourceTree = "<group>"; };
		D07829122861032900566E10 /* ResetPasswordForm.swift */ = {isa = PBXFileReference; lastKnownFileType = sourcecode.swift; path = ResetPasswordForm.swift; sourceTree = "<group>"; };
		D0803B6028623CE100445A9D /* MenuManagerView.swift */ = {isa = PBXFileReference; lastKnownFileType = sourcecode.swift; path = MenuManagerView.swift; sourceTree = "<group>"; };
		D0803B6228623D1700445A9D /* MenuViewModel.swift */ = {isa = PBXFileReference; lastKnownFileType = sourcecode.swift; path = MenuViewModel.swift; sourceTree = "<group>"; };
		D0803B6428623D2600445A9D /* MenuModel.swift */ = {isa = PBXFileReference; lastKnownFileType = sourcecode.swift; path = MenuModel.swift; sourceTree = "<group>"; };
		D09CE732283BFFF900A7770B /* GameOperations.swift */ = {isa = PBXFileReference; lastKnownFileType = sourcecode.swift; path = GameOperations.swift; sourceTree = "<group>"; };
		D09CE734283C001100A7770B /* GameErrors.swift */ = {isa = PBXFileReference; lastKnownFileType = sourcecode.swift; path = GameErrors.swift; sourceTree = "<group>"; };
		D09CE737283C13BA00A7770B /* GameInfo.swift */ = {isa = PBXFileReference; lastKnownFileType = sourcecode.swift; path = GameInfo.swift; sourceTree = "<group>"; };
		D0AD51FC28638D9B0042EB66 /* MenuBottomNav.swift */ = {isa = PBXFileReference; lastKnownFileType = sourcecode.swift; path = MenuBottomNav.swift; sourceTree = "<group>"; };
		D0DA92132835823000F60437 /* SCRA-F.app */ = {isa = PBXFileReference; explicitFileType = wrapper.application; includeInIndex = 0; path = "SCRA-F.app"; sourceTree = BUILT_PRODUCTS_DIR; };
		D0DA92162835823000F60437 /* SCRA_FApp.swift */ = {isa = PBXFileReference; lastKnownFileType = sourcecode.swift; path = SCRA_FApp.swift; sourceTree = "<group>"; };
		D0DA92182835823000F60437 /* ContentView.swift */ = {isa = PBXFileReference; lastKnownFileType = sourcecode.swift; path = ContentView.swift; sourceTree = "<group>"; };
		D0DA921A2835823200F60437 /* Assets.xcassets */ = {isa = PBXFileReference; lastKnownFileType = folder.assetcatalog; path = Assets.xcassets; sourceTree = "<group>"; };
		D0DA921D2835823200F60437 /* Preview Assets.xcassets */ = {isa = PBXFileReference; lastKnownFileType = folder.assetcatalog; path = "Preview Assets.xcassets"; sourceTree = "<group>"; };
		D0DA92232835823200F60437 /* SCRA-FTests.xctest */ = {isa = PBXFileReference; explicitFileType = wrapper.cfbundle; includeInIndex = 0; path = "SCRA-FTests.xctest"; sourceTree = BUILT_PRODUCTS_DIR; };
		D0DA92272835823200F60437 /* SCRA_FTests.swift */ = {isa = PBXFileReference; lastKnownFileType = sourcecode.swift; path = SCRA_FTests.swift; sourceTree = "<group>"; };
		D0DA922D2835823200F60437 /* SCRA-FUITests.xctest */ = {isa = PBXFileReference; explicitFileType = wrapper.cfbundle; includeInIndex = 0; path = "SCRA-FUITests.xctest"; sourceTree = BUILT_PRODUCTS_DIR; };
		D0DA92312835823200F60437 /* SCRA_FUITests.swift */ = {isa = PBXFileReference; lastKnownFileType = sourcecode.swift; path = SCRA_FUITests.swift; sourceTree = "<group>"; };
		D0DA92332835823200F60437 /* SCRA_FUITestsLaunchTests.swift */ = {isa = PBXFileReference; lastKnownFileType = sourcecode.swift; path = SCRA_FUITestsLaunchTests.swift; sourceTree = "<group>"; };
		D0E89C6B28511E120099D620 /* GameModel.swift */ = {isa = PBXFileReference; lastKnownFileType = sourcecode.swift; path = GameModel.swift; sourceTree = "<group>"; };
		D0EE85C12835BB67000824DF /* AccountDatabaseOperations.swift */ = {isa = PBXFileReference; lastKnownFileType = sourcecode.swift; path = AccountDatabaseOperations.swift; sourceTree = "<group>"; };
		D0EE85C32835BBA7000824DF /* AccountErrors.swift */ = {isa = PBXFileReference; lastKnownFileType = sourcecode.swift; path = AccountErrors.swift; sourceTree = "<group>"; };
		D0EE85C62835BBE1000824DF /* AccountDBOperationsTests.swift */ = {isa = PBXFileReference; lastKnownFileType = sourcecode.swift; path = AccountDBOperationsTests.swift; sourceTree = "<group>"; };
/* End PBXFileReference section */

/* Begin PBXFrameworksBuildPhase section */
		D0DA92102835823000F60437 /* Frameworks */ = {
			isa = PBXFrameworksBuildPhase;
			buildActionMask = 2147483647;
			files = (
				D0EE85B92835B907000824DF /* FirebaseAuth in Frameworks */,
				D0EE85BF2835B907000824DF /* FirebaseStorage in Frameworks */,
				D0EE85BB2835B907000824DF /* FirebaseFirestore in Frameworks */,
				D0EE85BD2835B907000824DF /* FirebaseFirestoreSwift in Frameworks */,
			);
			runOnlyForDeploymentPostprocessing = 0;
		};
		D0DA92202835823200F60437 /* Frameworks */ = {
			isa = PBXFrameworksBuildPhase;
			buildActionMask = 2147483647;
			files = (
			);
			runOnlyForDeploymentPostprocessing = 0;
		};
		D0DA922A2835823200F60437 /* Frameworks */ = {
			isa = PBXFrameworksBuildPhase;
			buildActionMask = 2147483647;
			files = (
			);
			runOnlyForDeploymentPostprocessing = 0;
		};
/* End PBXFrameworksBuildPhase section */

/* Begin PBXGroup section */
		D0092C7928371C31009F558C /* Views */ = {
			isa = PBXGroup;
			children = (
				D0092C7B28371C9D009F558C /* AccountView.swift */,
			);
			path = Views;
			sourceTree = "<group>";
		};
		D0092C7A28371C4A009F558C /* Backend */ = {
			isa = PBXGroup;
			children = (
				D0EE85C32835BBA7000824DF /* AccountErrors.swift */,
				D0EE85C12835BB67000824DF /* AccountDatabaseOperations.swift */,
				D0092C732836C828009F558C /* AccountProfilePictureManager.swift */,
			);
			path = Backend;
			sourceTree = "<group>";
		};
		D0092C7D28371CC4009F558C /* MVM */ = {
			isa = PBXGroup;
			children = (
				D0092C7728371BF8009F558C /* AccountViewModel.swift */,
				D0092C7E28371CEA009F558C /* AccountModel.swift */,
			);
			path = MVM;
			sourceTree = "<group>";
		};
		D01770CD285A812F00D48D21 /* UI */ = {
			isa = PBXGroup;
			children = (
				D0803B5E28623CBE00445A9D /* MenuViews */,
				D078290F2860F6BD00566E10 /* UtilityViews */,
				D01770D0285A81FF00D48D21 /* LoginViews */,
			);
			path = UI;
			sourceTree = "<group>";
		};
		D01770D0285A81FF00D48D21 /* LoginViews */ = {
			isa = PBXGroup;
			children = (
				D01770CE285A81AF00D48D21 /* LoginManagerView.swift */,
				D01770D1285A826100D48D21 /* LoginViewModel.swift */,
				D078290D2860F2E200566E10 /* RegisterForm.swift */,
				D07829122861032900566E10 /* ResetPasswordForm.swift */,
			);
			path = LoginViews;
			sourceTree = "<group>";
		};
		D0651DB3283D4FC9005D662A /* GameTests */ = {
			isa = PBXGroup;
			children = (
				D0651DB4283D4FDF005D662A /* GameDBOperationsTests.swift */,
			);
			path = GameTests;
			sourceTree = "<group>";
		};
		D078290F2860F6BD00566E10 /* UtilityViews */ = {
			isa = PBXGroup;
			children = (
				D07829102860F6D100566E10 /* LoadingViews.swift */,
			);
			path = UtilityViews;
			sourceTree = "<group>";
		};
		D0803B5E28623CBE00445A9D /* MenuViews */ = {
			isa = PBXGroup;
			children = (
				D0803B6028623CE100445A9D /* MenuManagerView.swift */,
				D0803B6228623D1700445A9D /* MenuViewModel.swift */,
				D0803B6428623D2600445A9D /* MenuModel.swift */,
				D0AD51FC28638D9B0042EB66 /* MenuBottomNav.swift */,
			);
			path = MenuViews;
			sourceTree = "<group>";
		};
		D09CE730283BFFD200A7770B /* Game */ = {
			isa = PBXGroup;
			children = (
				D0E89C6A28511E000099D620 /* MVM */,
				D09CE731283BFFEA00A7770B /* Backend */,
			);
			path = Game;
			sourceTree = "<group>";
		};
		D09CE731283BFFEA00A7770B /* Backend */ = {
			isa = PBXGroup;
			children = (
				D09CE732283BFFF900A7770B /* GameOperations.swift */,
				D09CE734283C001100A7770B /* GameErrors.swift */,
			);
			path = Backend;
			sourceTree = "<group>";
		};
		D09CE736283C13A700A7770B /* Globals */ = {
			isa = PBXGroup;
			children = (
				D09CE737283C13BA00A7770B /* GameInfo.swift */,
			);
			path = Globals;
			sourceTree = "<group>";
		};
		D0DA920A2835823000F60437 = {
			isa = PBXGroup;
			children = (
				D033D175285FFA4F00D98F6D /* GoogleService-Info.plist */,
				D0DA92152835823000F60437 /* SCRA-F */,
				D0DA92262835823200F60437 /* SCRA-FTests */,
				D0DA92302835823200F60437 /* SCRA-FUITests */,
				D0DA92142835823000F60437 /* Products */,
			);
			sourceTree = "<group>";
		};
		D0DA92142835823000F60437 /* Products */ = {
			isa = PBXGroup;
			children = (
				D0DA92132835823000F60437 /* SCRA-F.app */,
				D0DA92232835823200F60437 /* SCRA-FTests.xctest */,
				D0DA922D2835823200F60437 /* SCRA-FUITests.xctest */,
			);
			name = Products;
			sourceTree = "<group>";
		};
		D0DA92152835823000F60437 /* SCRA-F */ = {
			isa = PBXGroup;
			children = (
				D01770CD285A812F00D48D21 /* UI */,
				D09CE736283C13A700A7770B /* Globals */,
				D09CE730283BFFD200A7770B /* Game */,
				D0EE85C02835BB34000824DF /* Account */,
				D0DA92162835823000F60437 /* SCRA_FApp.swift */,
				D0DA92182835823000F60437 /* ContentView.swift */,
				D0DA921A2835823200F60437 /* Assets.xcassets */,
				D0DA921C2835823200F60437 /* Preview Content */,
			);
			path = "SCRA-F";
			sourceTree = "<group>";
		};
		D0DA921C2835823200F60437 /* Preview Content */ = {
			isa = PBXGroup;
			children = (
				D0DA921D2835823200F60437 /* Preview Assets.xcassets */,
			);
			path = "Preview Content";
			sourceTree = "<group>";
		};
		D0DA92262835823200F60437 /* SCRA-FTests */ = {
			isa = PBXGroup;
			children = (
				D0651DB3283D4FC9005D662A /* GameTests */,
				D0EE85C52835BBCA000824DF /* AccountTests */,
				D0DA92272835823200F60437 /* SCRA_FTests.swift */,
			);
			path = "SCRA-FTests";
			sourceTree = "<group>";
		};
		D0DA92302835823200F60437 /* SCRA-FUITests */ = {
			isa = PBXGroup;
			children = (
				D0DA92312835823200F60437 /* SCRA_FUITests.swift */,
				D0DA92332835823200F60437 /* SCRA_FUITestsLaunchTests.swift */,
			);
			path = "SCRA-FUITests";
			sourceTree = "<group>";
		};
		D0E89C6A28511E000099D620 /* MVM */ = {
			isa = PBXGroup;
			children = (
				D0E89C6B28511E120099D620 /* GameModel.swift */,
			);
			path = MVM;
			sourceTree = "<group>";
		};
		D0EE85C02835BB34000824DF /* Account */ = {
			isa = PBXGroup;
			children = (
				D0092C7D28371CC4009F558C /* MVM */,
				D0092C7A28371C4A009F558C /* Backend */,
				D0092C7928371C31009F558C /* Views */,
			);
			path = Account;
			sourceTree = "<group>";
		};
		D0EE85C52835BBCA000824DF /* AccountTests */ = {
			isa = PBXGroup;
			children = (
				D0EE85C62835BBE1000824DF /* AccountDBOperationsTests.swift */,
				D0092C752836F280009F558C /* AccountProfilePictureTests.swift */,
			);
			path = AccountTests;
			sourceTree = "<group>";
		};
/* End PBXGroup section */

/* Begin PBXNativeTarget section */
		D0DA92122835823000F60437 /* SCRA-F */ = {
			isa = PBXNativeTarget;
			buildConfigurationList = D0DA92372835823200F60437 /* Build configuration list for PBXNativeTarget "SCRA-F" */;
			buildPhases = (
				D0DA920F2835823000F60437 /* Sources */,
				D0DA92102835823000F60437 /* Frameworks */,
				D0DA92112835823000F60437 /* Resources */,
			);
			buildRules = (
			);
			dependencies = (
			);
			name = "SCRA-F";
			packageProductDependencies = (
				D0EE85B82835B907000824DF /* FirebaseAuth */,
				D0EE85BA2835B907000824DF /* FirebaseFirestore */,
				D0EE85BC2835B907000824DF /* FirebaseFirestoreSwift */,
				D0EE85BE2835B907000824DF /* FirebaseStorage */,
			);
			productName = "SCRA-F";
			productReference = D0DA92132835823000F60437 /* SCRA-F.app */;
			productType = "com.apple.product-type.application";
		};
		D0DA92222835823200F60437 /* SCRA-FTests */ = {
			isa = PBXNativeTarget;
			buildConfigurationList = D0DA923A2835823200F60437 /* Build configuration list for PBXNativeTarget "SCRA-FTests" */;
			buildPhases = (
				D0DA921F2835823200F60437 /* Sources */,
				D0DA92202835823200F60437 /* Frameworks */,
				D0DA92212835823200F60437 /* Resources */,
			);
			buildRules = (
			);
			dependencies = (
				D0DA92252835823200F60437 /* PBXTargetDependency */,
			);
			name = "SCRA-FTests";
			productName = "SCRA-FTests";
			productReference = D0DA92232835823200F60437 /* SCRA-FTests.xctest */;
			productType = "com.apple.product-type.bundle.unit-test";
		};
		D0DA922C2835823200F60437 /* SCRA-FUITests */ = {
			isa = PBXNativeTarget;
			buildConfigurationList = D0DA923D2835823200F60437 /* Build configuration list for PBXNativeTarget "SCRA-FUITests" */;
			buildPhases = (
				D0DA92292835823200F60437 /* Sources */,
				D0DA922A2835823200F60437 /* Frameworks */,
				D0DA922B2835823200F60437 /* Resources */,
			);
			buildRules = (
			);
			dependencies = (
				D0DA922F2835823200F60437 /* PBXTargetDependency */,
			);
			name = "SCRA-FUITests";
			productName = "SCRA-FUITests";
			productReference = D0DA922D2835823200F60437 /* SCRA-FUITests.xctest */;
			productType = "com.apple.product-type.bundle.ui-testing";
		};
/* End PBXNativeTarget section */

/* Begin PBXProject section */
		D0DA920B2835823000F60437 /* Project object */ = {
			isa = PBXProject;
			attributes = {
				BuildIndependentTargetsInParallel = 1;
				LastSwiftUpdateCheck = 1330;
				LastUpgradeCheck = 1330;
				TargetAttributes = {
					D0DA92122835823000F60437 = {
						CreatedOnToolsVersion = 13.3;
					};
					D0DA92222835823200F60437 = {
						CreatedOnToolsVersion = 13.3;
						TestTargetID = D0DA92122835823000F60437;
					};
					D0DA922C2835823200F60437 = {
						CreatedOnToolsVersion = 13.3;
						TestTargetID = D0DA92122835823000F60437;
					};
				};
			};
			buildConfigurationList = D0DA920E2835823000F60437 /* Build configuration list for PBXProject "SCRA-F" */;
			compatibilityVersion = "Xcode 13.0";
			developmentRegion = en;
			hasScannedForEncodings = 0;
			knownRegions = (
				en,
				Base,
			);
			mainGroup = D0DA920A2835823000F60437;
			packageReferences = (
				D0EE85B72835B907000824DF /* XCRemoteSwiftPackageReference "firebase-ios-sdk" */,
			);
			productRefGroup = D0DA92142835823000F60437 /* Products */;
			projectDirPath = "";
			projectRoot = "";
			targets = (
				D0DA92122835823000F60437 /* SCRA-F */,
				D0DA92222835823200F60437 /* SCRA-FTests */,
				D0DA922C2835823200F60437 /* SCRA-FUITests */,
			);
		};
/* End PBXProject section */

/* Begin PBXResourcesBuildPhase section */
		D0DA92112835823000F60437 /* Resources */ = {
			isa = PBXResourcesBuildPhase;
			buildActionMask = 2147483647;
			files = (
				D0DA921E2835823200F60437 /* Preview Assets.xcassets in Resources */,
				D0DA921B2835823200F60437 /* Assets.xcassets in Resources */,
				D033D176285FFA4F00D98F6D /* GoogleService-Info.plist in Resources */,
			);
			runOnlyForDeploymentPostprocessing = 0;
		};
		D0DA92212835823200F60437 /* Resources */ = {
			isa = PBXResourcesBuildPhase;
			buildActionMask = 2147483647;
			files = (
			);
			runOnlyForDeploymentPostprocessing = 0;
		};
		D0DA922B2835823200F60437 /* Resources */ = {
			isa = PBXResourcesBuildPhase;
			buildActionMask = 2147483647;
			files = (
			);
			runOnlyForDeploymentPostprocessing = 0;
		};
/* End PBXResourcesBuildPhase section */

/* Begin PBXSourcesBuildPhase section */
		D0DA920F2835823000F60437 /* Sources */ = {
			isa = PBXSourcesBuildPhase;
			buildActionMask = 2147483647;
			files = (
				D01770CF285A81AF00D48D21 /* LoginManagerView.swift in Sources */,
				D0EE85C42835BBA7000824DF /* AccountErrors.swift in Sources */,
				D0EE85C22835BB67000824DF /* AccountDatabaseOperations.swift in Sources */,
				D0803B6328623D1700445A9D /* MenuViewModel.swift in Sources */,
				D0DA92192835823000F60437 /* ContentView.swift in Sources */,
				D0092C7F28371CEA009F558C /* AccountModel.swift in Sources */,
				D07829132861032900566E10 /* ResetPasswordForm.swift in Sources */,
				D0DA92172835823000F60437 /* SCRA_FApp.swift in Sources */,
				D0803B6128623CE100445A9D /* MenuManagerView.swift in Sources */,
				D01770D2285A826100D48D21 /* LoginViewModel.swift in Sources */,
				D0E89C6C28511E120099D620 /* GameModel.swift in Sources */,
				D078290E2860F2E200566E10 /* RegisterForm.swift in Sources */,
				D07829112860F6D100566E10 /* LoadingViews.swift in Sources */,
				D09CE733283BFFF900A7770B /* GameOperations.swift in Sources */,
				D0092C7C28371C9D009F558C /* AccountView.swift in Sources */,
				D0092C7828371BF8009F558C /* AccountViewModel.swift in Sources */,
				D09CE738283C13BA00A7770B /* GameInfo.swift in Sources */,
				D09CE735283C001100A7770B /* GameErrors.swift in Sources */,
				D0AD51FD28638D9B0042EB66 /* MenuBottomNav.swift in Sources */,
				D0803B6528623D2600445A9D /* MenuModel.swift in Sources */,
				D0092C742836C828009F558C /* AccountProfilePictureManager.swift in Sources */,
			);
			runOnlyForDeploymentPostprocessing = 0;
		};
		D0DA921F2835823200F60437 /* Sources */ = {
			isa = PBXSourcesBuildPhase;
			buildActionMask = 2147483647;
			files = (
				D0DA92282835823200F60437 /* SCRA_FTests.swift in Sources */,
				D0651DB5283D4FDF005D662A /* GameDBOperationsTests.swift in Sources */,
				D0EE85C72835BBE1000824DF /* AccountDBOperationsTests.swift in Sources */,
				D0092C762836F280009F558C /* AccountProfilePictureTests.swift in Sources */,
			);
			runOnlyForDeploymentPostprocessing = 0;
		};
		D0DA92292835823200F60437 /* Sources */ = {
			isa = PBXSourcesBuildPhase;
			buildActionMask = 2147483647;
			files = (
				D0DA92342835823200F60437 /* SCRA_FUITestsLaunchTests.swift in Sources */,
				D0DA92322835823200F60437 /* SCRA_FUITests.swift in Sources */,
			);
			runOnlyForDeploymentPostprocessing = 0;
		};
/* End PBXSourcesBuildPhase section */

/* Begin PBXTargetDependency section */
		D0DA92252835823200F60437 /* PBXTargetDependency */ = {
			isa = PBXTargetDependency;
			target = D0DA92122835823000F60437 /* SCRA-F */;
			targetProxy = D0DA92242835823200F60437 /* PBXContainerItemProxy */;
		};
		D0DA922F2835823200F60437 /* PBXTargetDependency */ = {
			isa = PBXTargetDependency;
			target = D0DA92122835823000F60437 /* SCRA-F */;
			targetProxy = D0DA922E2835823200F60437 /* PBXContainerItemProxy */;
		};
/* End PBXTargetDependency section */

/* Begin XCBuildConfiguration section */
		D0DA92352835823200F60437 /* Debug */ = {
			isa = XCBuildConfiguration;
			buildSettings = {
				ALWAYS_SEARCH_USER_PATHS = NO;
				CLANG_ANALYZER_NONNULL = YES;
				CLANG_ANALYZER_NUMBER_OBJECT_CONVERSION = YES_AGGRESSIVE;
				CLANG_CXX_LANGUAGE_STANDARD = "gnu++17";
				CLANG_ENABLE_MODULES = YES;
				CLANG_ENABLE_OBJC_ARC = YES;
				CLANG_ENABLE_OBJC_WEAK = YES;
				CLANG_WARN_BLOCK_CAPTURE_AUTORELEASING = YES;
				CLANG_WARN_BOOL_CONVERSION = YES;
				CLANG_WARN_COMMA = YES;
				CLANG_WARN_CONSTANT_CONVERSION = YES;
				CLANG_WARN_DEPRECATED_OBJC_IMPLEMENTATIONS = YES;
				CLANG_WARN_DIRECT_OBJC_ISA_USAGE = YES_ERROR;
				CLANG_WARN_DOCUMENTATION_COMMENTS = YES;
				CLANG_WARN_EMPTY_BODY = YES;
				CLANG_WARN_ENUM_CONVERSION = YES;
				CLANG_WARN_INFINITE_RECURSION = YES;
				CLANG_WARN_INT_CONVERSION = YES;
				CLANG_WARN_NON_LITERAL_NULL_CONVERSION = YES;
				CLANG_WARN_OBJC_IMPLICIT_RETAIN_SELF = YES;
				CLANG_WARN_OBJC_LITERAL_CONVERSION = YES;
				CLANG_WARN_OBJC_ROOT_CLASS = YES_ERROR;
				CLANG_WARN_QUOTED_INCLUDE_IN_FRAMEWORK_HEADER = YES;
				CLANG_WARN_RANGE_LOOP_ANALYSIS = YES;
				CLANG_WARN_STRICT_PROTOTYPES = YES;
				CLANG_WARN_SUSPICIOUS_MOVE = YES;
				CLANG_WARN_UNGUARDED_AVAILABILITY = YES_AGGRESSIVE;
				CLANG_WARN_UNREACHABLE_CODE = YES;
				CLANG_WARN__DUPLICATE_METHOD_MATCH = YES;
				COPY_PHASE_STRIP = NO;
				DEBUG_INFORMATION_FORMAT = dwarf;
				ENABLE_STRICT_OBJC_MSGSEND = YES;
				ENABLE_TESTABILITY = YES;
				GCC_C_LANGUAGE_STANDARD = gnu11;
				GCC_DYNAMIC_NO_PIC = NO;
				GCC_NO_COMMON_BLOCKS = YES;
				GCC_OPTIMIZATION_LEVEL = 0;
				GCC_PREPROCESSOR_DEFINITIONS = (
					"DEBUG=1",
					"$(inherited)",
				);
				GCC_WARN_64_TO_32_BIT_CONVERSION = YES;
				GCC_WARN_ABOUT_RETURN_TYPE = YES_ERROR;
				GCC_WARN_UNDECLARED_SELECTOR = YES;
				GCC_WARN_UNINITIALIZED_AUTOS = YES_AGGRESSIVE;
				GCC_WARN_UNUSED_FUNCTION = YES;
				GCC_WARN_UNUSED_VARIABLE = YES;
				IPHONEOS_DEPLOYMENT_TARGET = 15.4;
				MTL_ENABLE_DEBUG_INFO = INCLUDE_SOURCE;
				MTL_FAST_MATH = YES;
				ONLY_ACTIVE_ARCH = YES;
				SDKROOT = iphoneos;
				SWIFT_ACTIVE_COMPILATION_CONDITIONS = DEBUG;
				SWIFT_OPTIMIZATION_LEVEL = "-Onone";
			};
			name = Debug;
		};
		D0DA92362835823200F60437 /* Release */ = {
			isa = XCBuildConfiguration;
			buildSettings = {
				ALWAYS_SEARCH_USER_PATHS = NO;
				CLANG_ANALYZER_NONNULL = YES;
				CLANG_ANALYZER_NUMBER_OBJECT_CONVERSION = YES_AGGRESSIVE;
				CLANG_CXX_LANGUAGE_STANDARD = "gnu++17";
				CLANG_ENABLE_MODULES = YES;
				CLANG_ENABLE_OBJC_ARC = YES;
				CLANG_ENABLE_OBJC_WEAK = YES;
				CLANG_WARN_BLOCK_CAPTURE_AUTORELEASING = YES;
				CLANG_WARN_BOOL_CONVERSION = YES;
				CLANG_WARN_COMMA = YES;
				CLANG_WARN_CONSTANT_CONVERSION = YES;
				CLANG_WARN_DEPRECATED_OBJC_IMPLEMENTATIONS = YES;
				CLANG_WARN_DIRECT_OBJC_ISA_USAGE = YES_ERROR;
				CLANG_WARN_DOCUMENTATION_COMMENTS = YES;
				CLANG_WARN_EMPTY_BODY = YES;
				CLANG_WARN_ENUM_CONVERSION = YES;
				CLANG_WARN_INFINITE_RECURSION = YES;
				CLANG_WARN_INT_CONVERSION = YES;
				CLANG_WARN_NON_LITERAL_NULL_CONVERSION = YES;
				CLANG_WARN_OBJC_IMPLICIT_RETAIN_SELF = YES;
				CLANG_WARN_OBJC_LITERAL_CONVERSION = YES;
				CLANG_WARN_OBJC_ROOT_CLASS = YES_ERROR;
				CLANG_WARN_QUOTED_INCLUDE_IN_FRAMEWORK_HEADER = YES;
				CLANG_WARN_RANGE_LOOP_ANALYSIS = YES;
				CLANG_WARN_STRICT_PROTOTYPES = YES;
				CLANG_WARN_SUSPICIOUS_MOVE = YES;
				CLANG_WARN_UNGUARDED_AVAILABILITY = YES_AGGRESSIVE;
				CLANG_WARN_UNREACHABLE_CODE = YES;
				CLANG_WARN__DUPLICATE_METHOD_MATCH = YES;
				COPY_PHASE_STRIP = NO;
				DEBUG_INFORMATION_FORMAT = "dwarf-with-dsym";
				ENABLE_NS_ASSERTIONS = NO;
				ENABLE_STRICT_OBJC_MSGSEND = YES;
				GCC_C_LANGUAGE_STANDARD = gnu11;
				GCC_NO_COMMON_BLOCKS = YES;
				GCC_WARN_64_TO_32_BIT_CONVERSION = YES;
				GCC_WARN_ABOUT_RETURN_TYPE = YES_ERROR;
				GCC_WARN_UNDECLARED_SELECTOR = YES;
				GCC_WARN_UNINITIALIZED_AUTOS = YES_AGGRESSIVE;
				GCC_WARN_UNUSED_FUNCTION = YES;
				GCC_WARN_UNUSED_VARIABLE = YES;
				IPHONEOS_DEPLOYMENT_TARGET = 15.4;
				MTL_ENABLE_DEBUG_INFO = NO;
				MTL_FAST_MATH = YES;
				SDKROOT = iphoneos;
				SWIFT_COMPILATION_MODE = wholemodule;
				SWIFT_OPTIMIZATION_LEVEL = "-O";
				VALIDATE_PRODUCT = YES;
			};
			name = Release;
		};
		D0DA92382835823200F60437 /* Debug */ = {
			isa = XCBuildConfiguration;
			buildSettings = {
				ASSETCATALOG_COMPILER_APPICON_NAME = AppIcon;
				ASSETCATALOG_COMPILER_GLOBAL_ACCENT_COLOR_NAME = AccentColor;
				CODE_SIGN_STYLE = Automatic;
				CURRENT_PROJECT_VERSION = 1;
				DEVELOPMENT_ASSET_PATHS = "\"SCRA-F/Preview Content\"";
				DEVELOPMENT_TEAM = 8T8KL324F4;
				ENABLE_PREVIEWS = YES;
				GENERATE_INFOPLIST_FILE = YES;
				INFOPLIST_KEY_UIApplicationSceneManifest_Generation = YES;
				INFOPLIST_KEY_UIApplicationSupportsIndirectInputEvents = YES;
				INFOPLIST_KEY_UILaunchScreen_Generation = YES;
				INFOPLIST_KEY_UISupportedInterfaceOrientations_iPad = "UIInterfaceOrientationPortrait UIInterfaceOrientationPortraitUpsideDown UIInterfaceOrientationLandscapeLeft UIInterfaceOrientationLandscapeRight";
				INFOPLIST_KEY_UISupportedInterfaceOrientations_iPhone = "UIInterfaceOrientationPortrait UIInterfaceOrientationLandscapeLeft UIInterfaceOrientationLandscapeRight";
				LD_RUNPATH_SEARCH_PATHS = (
					"$(inherited)",
					"@executable_path/Frameworks",
				);
				MARKETING_VERSION = 1.0;
				PRODUCT_BUNDLE_IDENTIFIER = "com.pa.SCRA-F";
				PRODUCT_NAME = "$(TARGET_NAME)";
				SWIFT_EMIT_LOC_STRINGS = YES;
				SWIFT_VERSION = 5.0;
				TARGETED_DEVICE_FAMILY = "1,2";
			};
			name = Debug;
		};
		D0DA92392835823200F60437 /* Release */ = {
			isa = XCBuildConfiguration;
			buildSettings = {
				ASSETCATALOG_COMPILER_APPICON_NAME = AppIcon;
				ASSETCATALOG_COMPILER_GLOBAL_ACCENT_COLOR_NAME = AccentColor;
				CODE_SIGN_STYLE = Automatic;
				CURRENT_PROJECT_VERSION = 1;
				DEVELOPMENT_ASSET_PATHS = "\"SCRA-F/Preview Content\"";
				DEVELOPMENT_TEAM = 8T8KL324F4;
				ENABLE_PREVIEWS = YES;
				GENERATE_INFOPLIST_FILE = YES;
				INFOPLIST_KEY_UIApplicationSceneManifest_Generation = YES;
				INFOPLIST_KEY_UIApplicationSupportsIndirectInputEvents = YES;
				INFOPLIST_KEY_UILaunchScreen_Generation = YES;
				INFOPLIST_KEY_UISupportedInterfaceOrientations_iPad = "UIInterfaceOrientationPortrait UIInterfaceOrientationPortraitUpsideDown UIInterfaceOrientationLandscapeLeft UIInterfaceOrientationLandscapeRight";
				INFOPLIST_KEY_UISupportedInterfaceOrientations_iPhone = "UIInterfaceOrientationPortrait UIInterfaceOrientationLandscapeLeft UIInterfaceOrientationLandscapeRight";
				LD_RUNPATH_SEARCH_PATHS = (
					"$(inherited)",
					"@executable_path/Frameworks",
				);
				MARKETING_VERSION = 1.0;
				PRODUCT_BUNDLE_IDENTIFIER = "com.pa.SCRA-F";
				PRODUCT_NAME = "$(TARGET_NAME)";
				SWIFT_EMIT_LOC_STRINGS = YES;
				SWIFT_VERSION = 5.0;
				TARGETED_DEVICE_FAMILY = "1,2";
			};
			name = Release;
		};
		D0DA923B2835823200F60437 /* Debug */ = {
			isa = XCBuildConfiguration;
			buildSettings = {
				ALWAYS_EMBED_SWIFT_STANDARD_LIBRARIES = YES;
				BUNDLE_LOADER = "$(TEST_HOST)";
				CODE_SIGN_STYLE = Automatic;
				CURRENT_PROJECT_VERSION = 1;
				DEVELOPMENT_TEAM = 8T8KL324F4;
				GENERATE_INFOPLIST_FILE = YES;
				IPHONEOS_DEPLOYMENT_TARGET = 15.4;
				MARKETING_VERSION = 1.0;
				PRODUCT_BUNDLE_IDENTIFIER = "com.pa.SCRA-FTests";
				PRODUCT_NAME = "$(TARGET_NAME)";
				SWIFT_EMIT_LOC_STRINGS = NO;
				SWIFT_VERSION = 5.0;
				TARGETED_DEVICE_FAMILY = "1,2";
				TEST_HOST = "$(BUILT_PRODUCTS_DIR)/SCRA-F.app/SCRA-F";
			};
			name = Debug;
		};
		D0DA923C2835823200F60437 /* Release */ = {
			isa = XCBuildConfiguration;
			buildSettings = {
				ALWAYS_EMBED_SWIFT_STANDARD_LIBRARIES = YES;
				BUNDLE_LOADER = "$(TEST_HOST)";
				CODE_SIGN_STYLE = Automatic;
				CURRENT_PROJECT_VERSION = 1;
				DEVELOPMENT_TEAM = 8T8KL324F4;
				GENERATE_INFOPLIST_FILE = YES;
				IPHONEOS_DEPLOYMENT_TARGET = 15.4;
				MARKETING_VERSION = 1.0;
				PRODUCT_BUNDLE_IDENTIFIER = "com.pa.SCRA-FTests";
				PRODUCT_NAME = "$(TARGET_NAME)";
				SWIFT_EMIT_LOC_STRINGS = NO;
				SWIFT_VERSION = 5.0;
				TARGETED_DEVICE_FAMILY = "1,2";
				TEST_HOST = "$(BUILT_PRODUCTS_DIR)/SCRA-F.app/SCRA-F";
			};
			name = Release;
		};
		D0DA923E2835823200F60437 /* Debug */ = {
			isa = XCBuildConfiguration;
			buildSettings = {
				ALWAYS_EMBED_SWIFT_STANDARD_LIBRARIES = YES;
				CODE_SIGN_STYLE = Automatic;
				CURRENT_PROJECT_VERSION = 1;
				DEVELOPMENT_TEAM = 8T8KL324F4;
				GENERATE_INFOPLIST_FILE = YES;
				MARKETING_VERSION = 1.0;
				PRODUCT_BUNDLE_IDENTIFIER = "com.pa.SCRA-FUITests";
				PRODUCT_NAME = "$(TARGET_NAME)";
				SWIFT_EMIT_LOC_STRINGS = NO;
				SWIFT_VERSION = 5.0;
				TARGETED_DEVICE_FAMILY = "1,2";
				TEST_TARGET_NAME = "SCRA-F";
			};
			name = Debug;
		};
		D0DA923F2835823200F60437 /* Release */ = {
			isa = XCBuildConfiguration;
			buildSettings = {
				ALWAYS_EMBED_SWIFT_STANDARD_LIBRARIES = YES;
				CODE_SIGN_STYLE = Automatic;
				CURRENT_PROJECT_VERSION = 1;
				DEVELOPMENT_TEAM = 8T8KL324F4;
				GENERATE_INFOPLIST_FILE = YES;
				MARKETING_VERSION = 1.0;
				PRODUCT_BUNDLE_IDENTIFIER = "com.pa.SCRA-FUITests";
				PRODUCT_NAME = "$(TARGET_NAME)";
				SWIFT_EMIT_LOC_STRINGS = NO;
				SWIFT_VERSION = 5.0;
				TARGETED_DEVICE_FAMILY = "1,2";
				TEST_TARGET_NAME = "SCRA-F";
			};
			name = Release;
		};
/* End XCBuildConfiguration section */

/* Begin XCConfigurationList section */
		D0DA920E2835823000F60437 /* Build configuration list for PBXProject "SCRA-F" */ = {
			isa = XCConfigurationList;
			buildConfigurations = (
				D0DA92352835823200F60437 /* Debug */,
				D0DA92362835823200F60437 /* Release */,
			);
			defaultConfigurationIsVisible = 0;
			defaultConfigurationName = Release;
		};
		D0DA92372835823200F60437 /* Build configuration list for PBXNativeTarget "SCRA-F" */ = {
			isa = XCConfigurationList;
			buildConfigurations = (
				D0DA92382835823200F60437 /* Debug */,
				D0DA92392835823200F60437 /* Release */,
			);
			defaultConfigurationIsVisible = 0;
			defaultConfigurationName = Release;
		};
		D0DA923A2835823200F60437 /* Build configuration list for PBXNativeTarget "SCRA-FTests" */ = {
			isa = XCConfigurationList;
			buildConfigurations = (
				D0DA923B2835823200F60437 /* Debug */,
				D0DA923C2835823200F60437 /* Release */,
			);
			defaultConfigurationIsVisible = 0;
			defaultConfigurationName = Release;
		};
		D0DA923D2835823200F60437 /* Build configuration list for PBXNativeTarget "SCRA-FUITests" */ = {
			isa = XCConfigurationList;
			buildConfigurations = (
				D0DA923E2835823200F60437 /* Debug */,
				D0DA923F2835823200F60437 /* Release */,
			);
			defaultConfigurationIsVisible = 0;
			defaultConfigurationName = Release;
		};
/* End XCConfigurationList section */

/* Begin XCRemoteSwiftPackageReference section */
		D0EE85B72835B907000824DF /* XCRemoteSwiftPackageReference "firebase-ios-sdk" */ = {
			isa = XCRemoteSwiftPackageReference;
			repositoryURL = "https://github.com/firebase/firebase-ios-sdk";
			requirement = {
				kind = upToNextMajorVersion;
				minimumVersion = 9.0.0;
			};
		};
/* End XCRemoteSwiftPackageReference section */

/* Begin XCSwiftPackageProductDependency section */
		D0EE85B82835B907000824DF /* FirebaseAuth */ = {
			isa = XCSwiftPackageProductDependency;
			package = D0EE85B72835B907000824DF /* XCRemoteSwiftPackageReference "firebase-ios-sdk" */;
			productName = FirebaseAuth;
		};
		D0EE85BA2835B907000824DF /* FirebaseFirestore */ = {
			isa = XCSwiftPackageProductDependency;
			package = D0EE85B72835B907000824DF /* XCRemoteSwiftPackageReference "firebase-ios-sdk" */;
			productName = FirebaseFirestore;
		};
		D0EE85BC2835B907000824DF /* FirebaseFirestoreSwift */ = {
			isa = XCSwiftPackageProductDependency;
			package = D0EE85B72835B907000824DF /* XCRemoteSwiftPackageReference "firebase-ios-sdk" */;
			productName = FirebaseFirestoreSwift;
		};
		D0EE85BE2835B907000824DF /* FirebaseStorage */ = {
			isa = XCSwiftPackageProductDependency;
			package = D0EE85B72835B907000824DF /* XCRemoteSwiftPackageReference "firebase-ios-sdk" */;
			productName = FirebaseStorage;
		};
/* End XCSwiftPackageProductDependency section */
	};
	rootObject = D0DA920B2835823000F60437 /* Project object */;
}
